version: v2
locks:
  f/customers/clientes_com_pagamentos_pendentes: e17c671d261b2fa3fb2c878474973a6ac3e11898e0bdbc584fbc33ffb224311d
  f/customers/clientes_mais_ativos: 4a686ac7e4b844e36beec58a1aa6df425a48f27057de457934a475c62c4340c5
  f/customers/listar_encomendas_cliente: 1fc7abe2744c8dcb86c6ced34f45b8f73adca0670560a30c40fef17bcbe8e21c
  f/customers/obter_cliente: ed3409b61ebf60421b62b4424480fb8620709bf3fcb4c3b6a531e6fa9f8bc4f1
  f/customers/resumo_cliente: ba65acf1d1e6e56c6b98cc78795015c06147d1d29cfbb067b4d77bb503f8a6ce
  f/lib/customer_analytics: 4b9b8f7daa2c86757871628f90ea93a38f40fc078d20382b8c3a072fc2d31acf
  f/lib/date_utils: 43ee883c0e980f5b6b605c0d3050b8aa920a9728e5b0388d9abdbeeda798a485
  f/lib/errors: 974a02e00db24488bd76e3a6f2c77fea6522aa0d14e31ca4a086cd7a6721a7c7
  f/lib/lusopay_client: 492ff02fc61b13b09414987e0a39ec428271c8c647ccae9bca774358aa51fe3f
  f/lib/merchant_context: 7e72ab1a246a7ca8d112bca2379eee3ea16324501637da951ec8f30b85511d82
  f/lib/payment_normalizer: e00c5ca19b9f32cfb42d49eda97d776d9dffcc6b2fb02c576cbc999bee43ff11
  f/lib/reconcile: c77b0a5f25aa0a77d80b1751b48b732ea91bfd87c33053f30277a6b3091c6073
  f/lib/store_client: bea41d6ddd6d956b5515a3fc171258bd5fa4daa1f349fe58d0933f989b5d4b4e
  f/lib/types: cf321cba921c1db59163c0d7e148a3973ab005833ad4a2af501726b6fdab22db
  f/lusopay/listar_pagamentos: 7154f61c8a79d1b4cfa5c209f9d9ca740626bb333f9f7e24fb113558db742745
  f/lusopay/listar_pagamentos_pendentes: 8683eb4cdb2162a8d86a57e101aa0686d1a533fc97a094c2250dd9f56f86cb5f
  f/lusopay/obter_pagamento_por_order_id: a710d4bba0700110e7d870634f237fabb1aee15ff74240dd371a939cf6ca03a4
  f/lusopay/resumo_pagamentos: 6ec1f6418807561a5a057c1fb10d0f72cb622ec81c255fa0493c125071770642
  f/reconciliation/comparar_pagamentos_loja_lusopay: 83a14f93ad8fd91c0052d41d6807c02f7ebee711cdc2bd10b934ac6d9a516616
